
Microsoft Visual Studio Solution File, Format Version 12.00
# Visual Studio Version 17
VisualStudioVersion = 17.9.34701.34
MinimumVisualStudioVersion = 10.0.40219.1
Project("{8BC9CEB8-8B4A-11D0-8D11-00A0C91BC942}") = "012_MWA_ReMoM", "ReMoM\ReMoM.vcxproj", "{4851FD01-1E05-46F8-8088-88FFC7D23CBD}"
EndProject
Project("{8BC9CEB8-8B4A-11D0-8D11-00A0C91BC942}") = "002_MoX", "MoX\MoX.vcxproj", "{DA90C873-D83F-4CDF-963D-7B733FE10997}"
	ProjectSection(ProjectDependencies) = postProject
		{39D8C23A-8F3F-4E95-B17A-BE8E6A8E5E5C} = {39D8C23A-8F3F-4E95-B17A-BE8E6A8E5E5C}
	EndProjectSection
EndProject
Project("{8BC9CEB8-8B4A-11D0-8D11-00A0C91BC942}") = "001_STU", "STU\STU.vcxproj", "{39D8C23A-8F3F-4E95-B17A-BE8E6A8E5E5C}"
EndProject
Project("{8BC9CEB8-8B4A-11D0-8D11-00A0C91BC942}") = "011_sdl2_ReMoM", "sdl2_ReMoM\sdl2_ReMoM.vcxproj", "{8050C5BF-11DD-45F0-AC2B-27D8421C8A89}"
EndProject
Project("{8BC9CEB8-8B4A-11D0-8D11-00A0C91BC942}") = "100_Sample-Test0", "Sample-Test0\Sample-Test0.vcxproj", "{F4F0BD30-239C-4B8C-899A-7B2458FCC966}"
EndProject
Project("{8BC9CEB8-8B4A-11D0-8D11-00A0C91BC942}") = "003_MoM", "MoM\MoM.vcxproj", "{B2E1E35E-54F7-47D5-9547-0781DD5B3D9E}"
	ProjectSection(ProjectDependencies) = postProject
		{39D8C23A-8F3F-4E95-B17A-BE8E6A8E5E5C} = {39D8C23A-8F3F-4E95-B17A-BE8E6A8E5E5C}
		{DA90C873-D83F-4CDF-963D-7B733FE10997} = {DA90C873-D83F-4CDF-963D-7B733FE10997}
	EndProjectSection
EndProject
Project("{8BC9CEB8-8B4A-11D0-8D11-00A0C91BC942}") = "010_ReMoMber", "ReMoMber\ReMoMber.vcxproj", "{1CCDE6CE-ECD6-46D6-8411-5A3910B5817E}"
EndProject
Project("{8BC9CEB8-8B4A-11D0-8D11-00A0C91BC942}") = "tests_MoX", "tests_MoX\tests_MoX.vcxproj", "{48DCBF33-4199-40A7-8EBA-1022B976A59B}"
EndProject
Project("{8BC9CEB8-8B4A-11D0-8D11-00A0C91BC942}") = "tests_MoM", "tests_MoM\tests_MoM.vcxproj", "{CA955A21-7F0C-4C0E-BACA-E62BEE8E1B5F}"
EndProject
Project("{8BC9CEB8-8B4A-11D0-8D11-00A0C91BC942}") = "gtest_MoM", "gtest_MoM\gtest_MoM.vcxproj", "{7E638853-4D61-4B02-8BD1-2094B9CBE3DD}"
EndProject
Global
	GlobalSection(SolutionConfigurationPlatforms) = preSolution
		Debug|x64 = Debug|x64
		Release|x64 = Release|x64
	EndGlobalSection
	GlobalSection(ProjectConfigurationPlatforms) = postSolution
		{4851FD01-1E05-46F8-8088-88FFC7D23CBD}.Debug|x64.ActiveCfg = Debug|x64
		{4851FD01-1E05-46F8-8088-88FFC7D23CBD}.Debug|x64.Build.0 = Debug|x64
		{4851FD01-1E05-46F8-8088-88FFC7D23CBD}.Release|x64.ActiveCfg = Release|x64
		{4851FD01-1E05-46F8-8088-88FFC7D23CBD}.Release|x64.Build.0 = Release|x64
		{DA90C873-D83F-4CDF-963D-7B733FE10997}.Debug|x64.ActiveCfg = Debug|x64
		{DA90C873-D83F-4CDF-963D-7B733FE10997}.Debug|x64.Build.0 = Debug|x64
		{DA90C873-D83F-4CDF-963D-7B733FE10997}.Release|x64.ActiveCfg = Release|x64
		{DA90C873-D83F-4CDF-963D-7B733FE10997}.Release|x64.Build.0 = Release|x64
		{39D8C23A-8F3F-4E95-B17A-BE8E6A8E5E5C}.Debug|x64.ActiveCfg = Debug|x64
		{39D8C23A-8F3F-4E95-B17A-BE8E6A8E5E5C}.Debug|x64.Build.0 = Debug|x64
		{39D8C23A-8F3F-4E95-B17A-BE8E6A8E5E5C}.Release|x64.ActiveCfg = Release|x64
		{39D8C23A-8F3F-4E95-B17A-BE8E6A8E5E5C}.Release|x64.Build.0 = Release|x64
		{8050C5BF-11DD-45F0-AC2B-27D8421C8A89}.Debug|x64.ActiveCfg = Debug|x64
		{8050C5BF-11DD-45F0-AC2B-27D8421C8A89}.Debug|x64.Build.0 = Debug|x64
		{8050C5BF-11DD-45F0-AC2B-27D8421C8A89}.Release|x64.ActiveCfg = Release|x64
		{8050C5BF-11DD-45F0-AC2B-27D8421C8A89}.Release|x64.Build.0 = Release|x64
		{F4F0BD30-239C-4B8C-899A-7B2458FCC966}.Debug|x64.ActiveCfg = Debug|x64
		{F4F0BD30-239C-4B8C-899A-7B2458FCC966}.Debug|x64.Build.0 = Debug|x64
		{F4F0BD30-239C-4B8C-899A-7B2458FCC966}.Release|x64.ActiveCfg = Release|x64
		{F4F0BD30-239C-4B8C-899A-7B2458FCC966}.Release|x64.Build.0 = Release|x64
		{B2E1E35E-54F7-47D5-9547-0781DD5B3D9E}.Debug|x64.ActiveCfg = Debug|x64
		{B2E1E35E-54F7-47D5-9547-0781DD5B3D9E}.Debug|x64.Build.0 = Debug|x64
		{B2E1E35E-54F7-47D5-9547-0781DD5B3D9E}.Release|x64.ActiveCfg = Release|x64
		{B2E1E35E-54F7-47D5-9547-0781DD5B3D9E}.Release|x64.Build.0 = Release|x64
		{1CCDE6CE-ECD6-46D6-8411-5A3910B5817E}.Debug|x64.ActiveCfg = Debug|x64
		{1CCDE6CE-ECD6-46D6-8411-5A3910B5817E}.Debug|x64.Build.0 = Debug|x64
		{1CCDE6CE-ECD6-46D6-8411-5A3910B5817E}.Release|x64.ActiveCfg = Release|x64
		{1CCDE6CE-ECD6-46D6-8411-5A3910B5817E}.Release|x64.Build.0 = Release|x64
		{48DCBF33-4199-40A7-8EBA-1022B976A59B}.Debug|x64.ActiveCfg = Debug|x64
		{48DCBF33-4199-40A7-8EBA-1022B976A59B}.Debug|x64.Build.0 = Debug|x64
		{48DCBF33-4199-40A7-8EBA-1022B976A59B}.Release|x64.ActiveCfg = Release|x64
		{48DCBF33-4199-40A7-8EBA-1022B976A59B}.Release|x64.Build.0 = Release|x64
		{CA955A21-7F0C-4C0E-BACA-E62BEE8E1B5F}.Debug|x64.ActiveCfg = Debug|x64
		{CA955A21-7F0C-4C0E-BACA-E62BEE8E1B5F}.Debug|x64.Build.0 = Debug|x64
		{CA955A21-7F0C-4C0E-BACA-E62BEE8E1B5F}.Release|x64.ActiveCfg = Release|x64
		{CA955A21-7F0C-4C0E-BACA-E62BEE8E1B5F}.Release|x64.Build.0 = Release|x64
		{7E638853-4D61-4B02-8BD1-2094B9CBE3DD}.Debug|x64.ActiveCfg = Debug|x64
		{7E638853-4D61-4B02-8BD1-2094B9CBE3DD}.Debug|x64.Build.0 = Debug|x64
		{7E638853-4D61-4B02-8BD1-2094B9CBE3DD}.Release|x64.ActiveCfg = Release|x64
		{7E638853-4D61-4B02-8BD1-2094B9CBE3DD}.Release|x64.Build.0 = Release|x64
	EndGlobalSection
	GlobalSection(SolutionProperties) = preSolution
		HideSolutionNode = FALSE
	EndGlobalSection
	GlobalSection(ExtensibilityGlobals) = postSolution
		SolutionGuid = {F1846DE9-DD62-4EBC-B2A2-62FABCB66950}
	EndGlobalSection
EndGlobal
